
Microsoft Visual Studio Solution File, Format Version 12.00
# Visual Studio Version 17
VisualStudioVersion = 17.14.36109.1 d17.14
MinimumVisualStudioVersion = 10.0.40219.1
Project("{FAE04EC0-301F-11D3-BF4B-00C04F79EFBC}") = "PortalCOSIE.Domain", "PortalCOSIE.Domain\PortalCOSIE.Domain.csproj", "{C9E6E56D-C540-44AA-892A-82192D369369}"
EndProject
Project("{FAE04EC0-301F-11D3-BF4B-00C04F79EFBC}") = "PortalCOSIE.Application", "PortalCOSIE.Application\PortalCOSIE.Application.csproj", "{B73E6738-3D3A-4A9F-8B04-FC57C1F848DC}"
EndProject
Project("{FAE04EC0-301F-11D3-BF4B-00C04F79EFBC}") = "PortalCOSIE.Infrastructure", "PortalCOSIE.Infrastructure\PortalCOSIE.Infrastructure.csproj", "{6220EF74-F959-41D1-AC30-6AA4F211DB6B}"
EndProject
Project("{FAE04EC0-301F-11D3-BF4B-00C04F79EFBC}") = "PortalCOSIE.Web", "PortalCOSIE.Web\PortalCOSIE.Web.csproj", "{C58C19F7-8CEE-43DE-B5AF-31B87C6F4BA6}"
EndProject
Global
	GlobalSection(SolutionConfigurationPlatforms) = preSolution
		Debug|Any CPU = Debug|Any CPU
		Release|Any CPU = Release|Any CPU
	EndGlobalSection
	GlobalSection(ProjectConfigurationPlatforms) = postSolution
		{C9E6E56D-C540-44AA-892A-82192D369369}.Debug|Any CPU.ActiveCfg = Debug|Any CPU
		{C9E6E56D-C540-44AA-892A-82192D369369}.Debug|Any CPU.Build.0 = Debug|Any CPU
		{C9E6E56D-C540-44AA-892A-82192D369369}.Release|Any CPU.ActiveCfg = Release|Any CPU
		{C9E6E56D-C540-44AA-892A-82192D369369}.Release|Any CPU.Build.0 = Release|Any CPU
		{B73E6738-3D3A-4A9F-8B04-FC57C1F848DC}.Debug|Any CPU.ActiveCfg = Debug|Any CPU
		{B73E6738-3D3A-4A9F-8B04-FC57C1F848DC}.Debug|Any CPU.Build.0 = Debug|Any CPU
		{B73E6738-3D3A-4A9F-8B04-FC57C1F848DC}.Release|Any CPU.ActiveCfg = Release|Any CPU
		{B73E6738-3D3A-4A9F-8B04-FC57C1F848DC}.Release|Any CPU.Build.0 = Release|Any CPU
		{6220EF74-F959-41D1-AC30-6AA4F211DB6B}.Debug|Any CPU.ActiveCfg = Debug|Any CPU
		{6220EF74-F959-41D1-AC30-6AA4F211DB6B}.Debug|Any CPU.Build.0 = Debug|Any CPU
		{6220EF74-F959-41D1-AC30-6AA4F211DB6B}.Release|Any CPU.ActiveCfg = Release|Any CPU
		{6220EF74-F959-41D1-AC30-6AA4F211DB6B}.Release|Any CPU.Build.0 = Release|Any CPU
		{C58C19F7-8CEE-43DE-B5AF-31B87C6F4BA6}.Debug|Any CPU.ActiveCfg = Debug|Any CPU
		{C58C19F7-8CEE-43DE-B5AF-31B87C6F4BA6}.Debug|Any CPU.Build.0 = Debug|Any CPU
		{C58C19F7-8CEE-43DE-B5AF-31B87C6F4BA6}.Release|Any CPU.ActiveCfg = Release|Any CPU
		{C58C19F7-8CEE-43DE-B5AF-31B87C6F4BA6}.Release|Any CPU.Build.0 = Release|Any CPU
	EndGlobalSection
	GlobalSection(SolutionProperties) = preSolution
		HideSolutionNode = FALSE
	EndGlobalSection
	GlobalSection(ExtensibilityGlobals) = postSolution
		SolutionGuid = {EADD7B55-4ADB-453E-A364-331F989438DF}
	EndGlobalSection
EndGlobal
